
Microsoft Visual Studio Solution File, Format Version 12.00
# Visual Studio 15
VisualStudioVersion = 15.0.28307.539
MinimumVisualStudioVersion = 10.0.40219.1
Project("{888888A0-9F3D-457C-B088-3A5042F75D52}") = "ch11", "ch11.pyproj", "{A8C20644-0B1A-4976-AE2E-81DCFC361A6A}"
EndProject
Global
	GlobalSection(SolutionConfigurationPlatforms) = preSolution
		Debug|Any CPU = Debug|Any CPU
		Debug|ARM = Debug|ARM
		Debug|ARM64 = Debug|ARM64
		Debug|x64 = Debug|x64
		Debug|x86 = Debug|x86
		Release|Any CPU = Release|Any CPU
		Release|ARM = Release|ARM
		Release|ARM64 = Release|ARM64
		Release|x64 = Release|x64
		Release|x86 = Release|x86
	EndGlobalSection
	GlobalSection(ProjectConfigurationPlatforms) = postSolution
		{A8C20644-0B1A-4976-AE2E-81DCFC361A6A}.Debug|Any CPU.ActiveCfg = Debug|Any CPU
		{A8C20644-0B1A-4976-AE2E-81DCFC361A6A}.Debug|ARM.ActiveCfg = Debug|Any CPU
		{A8C20644-0B1A-4976-AE2E-81DCFC361A6A}.Debug|ARM64.ActiveCfg = Debug|Any CPU
		{A8C20644-0B1A-4976-AE2E-81DCFC361A6A}.Debug|x64.ActiveCfg = Debug|Any CPU
		{A8C20644-0B1A-4976-AE2E-81DCFC361A6A}.Debug|x86.ActiveCfg = Debug|Any CPU
		{A8C20644-0B1A-4976-AE2E-81DCFC361A6A}.Release|Any CPU.ActiveCfg = Release|Any CPU
		{A8C20644-0B1A-4976-AE2E-81DCFC361A6A}.Release|ARM.ActiveCfg = Release|Any CPU
		{A8C20644-0B1A-4976-AE2E-81DCFC361A6A}.Release|ARM64.ActiveCfg = Release|Any CPU
		{A8C20644-0B1A-4976-AE2E-81DCFC361A6A}.Release|x64.ActiveCfg = Release|Any CPU
		{A8C20644-0B1A-4976-AE2E-81DCFC361A6A}.Release|x86.ActiveCfg = Release|Any CPU
	EndGlobalSection
	GlobalSection(SolutionProperties) = preSolution
		HideSolutionNode = FALSE
	EndGlobalSection
	GlobalSection(ExtensibilityGlobals) = postSolution
		SolutionGuid = {539DAAE8-674E-4231-871F-B186D70E03C6}
	EndGlobalSection
EndGlobal
