
Microsoft Visual Studio Solution File, Format Version 12.00
# Visual Studio 15
VisualStudioVersion = 15.0.27703.2035
MinimumVisualStudioVersion = 10.0.40219.1
Project("{FAE04EC0-301F-11D3-BF4B-00C04F79EFBC}") = "CognitiveMiddlewareService", ".\CognitiveMiddlewareService.csproj", "{F1745D18-1B15-4483-9634-20FF9C696234}"
EndProject
Global
	GlobalSection(SolutionConfigurationPlatforms) = preSolution
		Debug|Any CPU = Debug|Any CPU
		Release|Any CPU = Release|Any CPU
	EndGlobalSection
	GlobalSection(ProjectConfigurationPlatforms) = postSolution
		{F1745D18-1B15-4483-9634-20FF9C696234}.Debug|Any CPU.ActiveCfg = Debug|Any CPU
		{F1745D18-1B15-4483-9634-20FF9C696234}.Debug|Any CPU.Build.0 = Debug|Any CPU
		{F1745D18-1B15-4483-9634-20FF9C696234}.Release|Any CPU.ActiveCfg = Release|Any CPU
		{F1745D18-1B15-4483-9634-20FF9C696234}.Release|Any CPU.Build.0 = Release|Any CPU
	EndGlobalSection
	GlobalSection(SolutionProperties) = preSolution
		HideSolutionNode = FALSE
	EndGlobalSection
	GlobalSection(ExtensibilityGlobals) = postSolution
		SolutionGuid = {4CE36945-6CA7-4D60-9A16-9273312E86F6}
	EndGlobalSection
EndGlobal
