
Microsoft Visual Studio Solution File, Format Version 12.00
# Visual Studio 15
VisualStudioVersion = 15.0.28307.539
MinimumVisualStudioVersion = 10.0.40219.1
Project("{888888A0-9F3D-457C-B088-3A5042F75D52}") = "ch12", "ch12.pyproj", "{AC141012-8595-48BB-9B85-61DC5BD8B10F}"
EndProject
Global
	GlobalSection(SolutionConfigurationPlatforms) = preSolution
		Debug|Any CPU = Debug|Any CPU
		Release|Any CPU = Release|Any CPU
	EndGlobalSection
	GlobalSection(ProjectConfigurationPlatforms) = postSolution
		{AC141012-8595-48BB-9B85-61DC5BD8B10F}.Debug|Any CPU.ActiveCfg = Debug|Any CPU
		{AC141012-8595-48BB-9B85-61DC5BD8B10F}.Release|Any CPU.ActiveCfg = Release|Any CPU
	EndGlobalSection
	GlobalSection(SolutionProperties) = preSolution
		HideSolutionNode = FALSE
	EndGlobalSection
	GlobalSection(ExtensibilityGlobals) = postSolution
		SolutionGuid = {F7465164-C095-4D29-8CEF-BD1F5CA7E6C9}
	EndGlobalSection
EndGlobal
