
Microsoft Visual Studio Solution File, Format Version 12.00
# Visual Studio 15
VisualStudioVersion = 15.0.28307.539
MinimumVisualStudioVersion = 10.0.40219.1
Project("{888888A0-9F3D-457C-B088-3A5042F75D52}") = "ch14", "ch14.pyproj", "{EA2E2A33-4A00-430C-82FD-357003B11772}"
EndProject
Global
	GlobalSection(SolutionConfigurationPlatforms) = preSolution
		Debug|Any CPU = Debug|Any CPU
		Release|Any CPU = Release|Any CPU
	EndGlobalSection
	GlobalSection(ProjectConfigurationPlatforms) = postSolution
		{EA2E2A33-4A00-430C-82FD-357003B11772}.Debug|Any CPU.ActiveCfg = Debug|Any CPU
		{EA2E2A33-4A00-430C-82FD-357003B11772}.Release|Any CPU.ActiveCfg = Release|Any CPU
	EndGlobalSection
	GlobalSection(SolutionProperties) = preSolution
		HideSolutionNode = FALSE
	EndGlobalSection
	GlobalSection(ExtensibilityGlobals) = postSolution
		SolutionGuid = {09498BBA-BFF7-4EFE-A446-7DF6724FD9EA}
	EndGlobalSection
EndGlobal
