
Microsoft Visual Studio Solution File, Format Version 12.00
# Visual Studio 15
VisualStudioVersion = 15.0.28307.168
MinimumVisualStudioVersion = 10.0.40219.1
Project("{888888A0-9F3D-457C-B088-3A5042F75D52}") = "ch02", "ch02.pyproj", "{81D83D89-23E8-428A-B5D7-3F563A3101BF}"
EndProject
Global
	GlobalSection(SolutionConfigurationPlatforms) = preSolution
		Debug|Any CPU = Debug|Any CPU
		Release|Any CPU = Release|Any CPU
	EndGlobalSection
	GlobalSection(ProjectConfigurationPlatforms) = postSolution
		{81D83D89-23E8-428A-B5D7-3F563A3101BF}.Debug|Any CPU.ActiveCfg = Debug|Any CPU
		{81D83D89-23E8-428A-B5D7-3F563A3101BF}.Release|Any CPU.ActiveCfg = Release|Any CPU
	EndGlobalSection
	GlobalSection(SolutionProperties) = preSolution
		HideSolutionNode = FALSE
	EndGlobalSection
	GlobalSection(ExtensibilityGlobals) = postSolution
		SolutionGuid = {CBAEDFBC-E045-41AA-83E5-B5634CC8737E}
	EndGlobalSection
EndGlobal
