
Microsoft Visual Studio Solution File, Format Version 12.00
# Visual Studio 15
VisualStudioVersion = 15.0.27703.2047
MinimumVisualStudioVersion = 10.0.40219.1
Project("{FAE04EC0-301F-11D3-BF4B-00C04F79EFBC}") = "QAClient", "QAClient.csproj", "{DEE0FF29-2B33-45F7-B131-C26826301C2B}"
EndProject
Global
	GlobalSection(SolutionConfigurationPlatforms) = preSolution
		Debug|Any CPU = Debug|Any CPU
		Release|Any CPU = Release|Any CPU
	EndGlobalSection
	GlobalSection(ProjectConfigurationPlatforms) = postSolution
		{DEE0FF29-2B33-45F7-B131-C26826301C2B}.Debug|Any CPU.ActiveCfg = Debug|Any CPU
		{DEE0FF29-2B33-45F7-B131-C26826301C2B}.Debug|Any CPU.Build.0 = Debug|Any CPU
		{DEE0FF29-2B33-45F7-B131-C26826301C2B}.Release|Any CPU.ActiveCfg = Release|Any CPU
		{DEE0FF29-2B33-45F7-B131-C26826301C2B}.Release|Any CPU.Build.0 = Release|Any CPU
	EndGlobalSection
	GlobalSection(SolutionProperties) = preSolution
		HideSolutionNode = FALSE
	EndGlobalSection
	GlobalSection(ExtensibilityGlobals) = postSolution
		SolutionGuid = {212FC7A6-CA5D-4B73-B2FD-BC61073AB41F}
	EndGlobalSection
EndGlobal
