
Microsoft Visual Studio Solution File, Format Version 12.00
# Visual Studio 15
VisualStudioVersion = 15.0.28307.168
MinimumVisualStudioVersion = 10.0.40219.1
Project("{FAE04EC0-301F-11D3-BF4B-00C04F79EFBC}") = "BotDemo", "BotDemo\BotDemo.csproj", "{360FBD42-7FD5-42A7-B148-E33ED486510C}"
EndProject
Project("{FAE04EC0-301F-11D3-BF4B-00C04F79EFBC}") = "GenerationClientCode", "GenerationClientCode\GenerationClientCode.csproj", "{A06392D5-4596-4AB3-84AB-86CFBCD13DD5}"
EndProject
Global
	GlobalSection(SolutionConfigurationPlatforms) = preSolution
		Debug|Any CPU = Debug|Any CPU
		Release|Any CPU = Release|Any CPU
	EndGlobalSection
	GlobalSection(ProjectConfigurationPlatforms) = postSolution
		{360FBD42-7FD5-42A7-B148-E33ED486510C}.Debug|Any CPU.ActiveCfg = Debug|Any CPU
		{360FBD42-7FD5-42A7-B148-E33ED486510C}.Debug|Any CPU.Build.0 = Debug|Any CPU
		{360FBD42-7FD5-42A7-B148-E33ED486510C}.Release|Any CPU.ActiveCfg = Release|Any CPU
		{360FBD42-7FD5-42A7-B148-E33ED486510C}.Release|Any CPU.Build.0 = Release|Any CPU
		{A06392D5-4596-4AB3-84AB-86CFBCD13DD5}.Debug|Any CPU.ActiveCfg = Debug|Any CPU
		{A06392D5-4596-4AB3-84AB-86CFBCD13DD5}.Debug|Any CPU.Build.0 = Debug|Any CPU
		{A06392D5-4596-4AB3-84AB-86CFBCD13DD5}.Release|Any CPU.ActiveCfg = Release|Any CPU
		{A06392D5-4596-4AB3-84AB-86CFBCD13DD5}.Release|Any CPU.Build.0 = Release|Any CPU
	EndGlobalSection
	GlobalSection(SolutionProperties) = preSolution
		HideSolutionNode = FALSE
	EndGlobalSection
	GlobalSection(ExtensibilityGlobals) = postSolution
		SolutionGuid = {5090AB00-B937-4926-B564-19C65F84D270}
	EndGlobalSection
EndGlobal
