
Microsoft Visual Studio Solution File, Format Version 12.00
# Visual Studio 15
VisualStudioVersion = 15.0.28307.438
MinimumVisualStudioVersion = 10.0.40219.1
Project("{888888A0-9F3D-457C-B088-3A5042F75D52}") = "ch10", "ch10.pyproj", "{3DE29CFE-16A6-493D-97B3-E617074AF796}"
EndProject
Global
	GlobalSection(SolutionConfigurationPlatforms) = preSolution
		Debug|Any CPU = Debug|Any CPU
		Release|Any CPU = Release|Any CPU
	EndGlobalSection
	GlobalSection(ProjectConfigurationPlatforms) = postSolution
		{3DE29CFE-16A6-493D-97B3-E617074AF796}.Debug|Any CPU.ActiveCfg = Debug|Any CPU
		{3DE29CFE-16A6-493D-97B3-E617074AF796}.Release|Any CPU.ActiveCfg = Release|Any CPU
	EndGlobalSection
	GlobalSection(SolutionProperties) = preSolution
		HideSolutionNode = FALSE
	EndGlobalSection
	GlobalSection(ExtensibilityGlobals) = postSolution
		SolutionGuid = {D5F6F67A-8CBE-4A94-B7FD-065245FA5D7A}
	EndGlobalSection
EndGlobal
