
Microsoft Visual Studio Solution File, Format Version 12.00
# Visual Studio 15
VisualStudioVersion = 15.0.28307.438
MinimumVisualStudioVersion = 10.0.40219.1
Project("{888888A0-9F3D-457C-B088-3A5042F75D52}") = "ch09", "ch09.pyproj", "{2A8CB5DA-24E5-499B-B336-F0BE7A8ED73C}"
EndProject
Global
	GlobalSection(SolutionConfigurationPlatforms) = preSolution
		Debug|Any CPU = Debug|Any CPU
		Release|Any CPU = Release|Any CPU
	EndGlobalSection
	GlobalSection(ProjectConfigurationPlatforms) = postSolution
		{2A8CB5DA-24E5-499B-B336-F0BE7A8ED73C}.Debug|Any CPU.ActiveCfg = Debug|Any CPU
		{2A8CB5DA-24E5-499B-B336-F0BE7A8ED73C}.Release|Any CPU.ActiveCfg = Release|Any CPU
	EndGlobalSection
	GlobalSection(SolutionProperties) = preSolution
		HideSolutionNode = FALSE
	EndGlobalSection
	GlobalSection(ExtensibilityGlobals) = postSolution
		SolutionGuid = {74FF44BF-1DD8-4500-B931-A334BA259736}
	EndGlobalSection
EndGlobal
