
Microsoft Visual Studio Solution File, Format Version 12.00
# Visual Studio 15
VisualStudioVersion = 15.0.28307.645
MinimumVisualStudioVersion = 10.0.40219.1
Project("{888888A0-9F3D-457C-B088-3A5042F75D52}") = "CreateTrainingData", "CreateTrainingData.pyproj", "{2BA05392-AAAC-4E4D-B640-52FB50B7A190}"
EndProject
Global
	GlobalSection(SolutionConfigurationPlatforms) = preSolution
		Debug|Any CPU = Debug|Any CPU
		Release|Any CPU = Release|Any CPU
	EndGlobalSection
	GlobalSection(ProjectConfigurationPlatforms) = postSolution
		{2BA05392-AAAC-4E4D-B640-52FB50B7A190}.Debug|Any CPU.ActiveCfg = Debug|Any CPU
		{2BA05392-AAAC-4E4D-B640-52FB50B7A190}.Release|Any CPU.ActiveCfg = Release|Any CPU
	EndGlobalSection
	GlobalSection(SolutionProperties) = preSolution
		HideSolutionNode = FALSE
	EndGlobalSection
	GlobalSection(ExtensibilityGlobals) = postSolution
		SolutionGuid = {0566850C-FF5B-44E0-817F-B26E431ABCB5}
	EndGlobalSection
EndGlobal
