
Microsoft Visual Studio Solution File, Format Version 12.00
# Visual Studio 15
VisualStudioVersion = 15.0.28307.852
MinimumVisualStudioVersion = 10.0.40219.1
Project("{888888A0-9F3D-457C-B088-3A5042F75D52}") = "ch20", "ch20.pyproj", "{E36E901B-1747-4768-8683-2F4DC5D18C22}"
EndProject
Global
	GlobalSection(SolutionConfigurationPlatforms) = preSolution
		Debug|Any CPU = Debug|Any CPU
		Release|Any CPU = Release|Any CPU
	EndGlobalSection
	GlobalSection(ProjectConfigurationPlatforms) = postSolution
		{E36E901B-1747-4768-8683-2F4DC5D18C22}.Debug|Any CPU.ActiveCfg = Debug|Any CPU
		{E36E901B-1747-4768-8683-2F4DC5D18C22}.Release|Any CPU.ActiveCfg = Release|Any CPU
	EndGlobalSection
	GlobalSection(SolutionProperties) = preSolution
		HideSolutionNode = FALSE
	EndGlobalSection
	GlobalSection(ExtensibilityGlobals) = postSolution
		SolutionGuid = {E84E74AC-D0BC-4601-8D4D-8810A6AFAD38}
	EndGlobalSection
EndGlobal
