
Microsoft Visual Studio Solution File, Format Version 12.00
# Visual Studio 15
VisualStudioVersion = 15.0.28010.2041
MinimumVisualStudioVersion = 10.0.40219.1
Project("{FAE04EC0-301F-11D3-BF4B-00C04F79EFBC}") = "OnnxDemo", "OnnxDemo\OnnxDemo.csproj", "{8768CDF8-9705-4316-AB2F-ED03321161A5}"
EndProject
Global
	GlobalSection(SolutionConfigurationPlatforms) = preSolution
		Debug|Any CPU = Debug|Any CPU
		Debug|x64 = Debug|x64
		Release|Any CPU = Release|Any CPU
		Release|x64 = Release|x64
	EndGlobalSection
	GlobalSection(ProjectConfigurationPlatforms) = postSolution
		{8768CDF8-9705-4316-AB2F-ED03321161A5}.Debug|Any CPU.ActiveCfg = Debug|Any CPU
		{8768CDF8-9705-4316-AB2F-ED03321161A5}.Debug|Any CPU.Build.0 = Debug|Any CPU
		{8768CDF8-9705-4316-AB2F-ED03321161A5}.Debug|x64.ActiveCfg = Debug|x64
		{8768CDF8-9705-4316-AB2F-ED03321161A5}.Debug|x64.Build.0 = Debug|x64
		{8768CDF8-9705-4316-AB2F-ED03321161A5}.Release|Any CPU.ActiveCfg = Release|Any CPU
		{8768CDF8-9705-4316-AB2F-ED03321161A5}.Release|Any CPU.Build.0 = Release|Any CPU
		{8768CDF8-9705-4316-AB2F-ED03321161A5}.Release|x64.ActiveCfg = Release|x64
		{8768CDF8-9705-4316-AB2F-ED03321161A5}.Release|x64.Build.0 = Release|x64
	EndGlobalSection
	GlobalSection(SolutionProperties) = preSolution
		HideSolutionNode = FALSE
	EndGlobalSection
	GlobalSection(ExtensibilityGlobals) = postSolution
		SolutionGuid = {F9CFE9B8-C4EA-499D-8D17-D7B1F109DA18}
	EndGlobalSection
EndGlobal
