
Microsoft Visual Studio Solution File, Format Version 12.00
# Visual Studio 15
VisualStudioVersion = 15.0.28307.168
MinimumVisualStudioVersion = 10.0.40219.1
Project("{FAE04EC0-301F-11D3-BF4B-00C04F79EFBC}") = "ClassifyBear", "ClassifyBear\ClassifyBear.csproj", "{3BA63C16-026A-45A7-9F74-A52FA62E1918}"
EndProject
Global
	GlobalSection(SolutionConfigurationPlatforms) = preSolution
		Debug|ARM = Debug|ARM
		Debug|ARM64 = Debug|ARM64
		Debug|x64 = Debug|x64
		Debug|x86 = Debug|x86
		Release|ARM = Release|ARM
		Release|ARM64 = Release|ARM64
		Release|x64 = Release|x64
		Release|x86 = Release|x86
	EndGlobalSection
	GlobalSection(ProjectConfigurationPlatforms) = postSolution
		{3BA63C16-026A-45A7-9F74-A52FA62E1918}.Debug|ARM.ActiveCfg = Debug|ARM
		{3BA63C16-026A-45A7-9F74-A52FA62E1918}.Debug|ARM.Build.0 = Debug|ARM
		{3BA63C16-026A-45A7-9F74-A52FA62E1918}.Debug|ARM.Deploy.0 = Debug|ARM
		{3BA63C16-026A-45A7-9F74-A52FA62E1918}.Debug|ARM64.ActiveCfg = Debug|ARM64
		{3BA63C16-026A-45A7-9F74-A52FA62E1918}.Debug|ARM64.Build.0 = Debug|ARM64
		{3BA63C16-026A-45A7-9F74-A52FA62E1918}.Debug|ARM64.Deploy.0 = Debug|ARM64
		{3BA63C16-026A-45A7-9F74-A52FA62E1918}.Debug|x64.ActiveCfg = Debug|x64
		{3BA63C16-026A-45A7-9F74-A52FA62E1918}.Debug|x64.Build.0 = Debug|x64
		{3BA63C16-026A-45A7-9F74-A52FA62E1918}.Debug|x64.Deploy.0 = Debug|x64
		{3BA63C16-026A-45A7-9F74-A52FA62E1918}.Debug|x86.ActiveCfg = Debug|x86
		{3BA63C16-026A-45A7-9F74-A52FA62E1918}.Debug|x86.Build.0 = Debug|x86
		{3BA63C16-026A-45A7-9F74-A52FA62E1918}.Debug|x86.Deploy.0 = Debug|x86
		{3BA63C16-026A-45A7-9F74-A52FA62E1918}.Release|ARM.ActiveCfg = Release|ARM
		{3BA63C16-026A-45A7-9F74-A52FA62E1918}.Release|ARM.Build.0 = Release|ARM
		{3BA63C16-026A-45A7-9F74-A52FA62E1918}.Release|ARM.Deploy.0 = Release|ARM
		{3BA63C16-026A-45A7-9F74-A52FA62E1918}.Release|ARM64.ActiveCfg = Release|ARM64
		{3BA63C16-026A-45A7-9F74-A52FA62E1918}.Release|ARM64.Build.0 = Release|ARM64
		{3BA63C16-026A-45A7-9F74-A52FA62E1918}.Release|ARM64.Deploy.0 = Release|ARM64
		{3BA63C16-026A-45A7-9F74-A52FA62E1918}.Release|x64.ActiveCfg = Release|x64
		{3BA63C16-026A-45A7-9F74-A52FA62E1918}.Release|x64.Build.0 = Release|x64
		{3BA63C16-026A-45A7-9F74-A52FA62E1918}.Release|x64.Deploy.0 = Release|x64
		{3BA63C16-026A-45A7-9F74-A52FA62E1918}.Release|x86.ActiveCfg = Release|x86
		{3BA63C16-026A-45A7-9F74-A52FA62E1918}.Release|x86.Build.0 = Release|x86
		{3BA63C16-026A-45A7-9F74-A52FA62E1918}.Release|x86.Deploy.0 = Release|x86
	EndGlobalSection
	GlobalSection(SolutionProperties) = preSolution
		HideSolutionNode = FALSE
	EndGlobalSection
	GlobalSection(ExtensibilityGlobals) = postSolution
		SolutionGuid = {DB967653-0475-454C-9835-0018E96E5268}
	EndGlobalSection
EndGlobal
