
Microsoft Visual Studio Solution File, Format Version 12.00
# Visual Studio 15
VisualStudioVersion = 15.0.28010.2046
MinimumVisualStudioVersion = 10.0.40219.1
Project("{888888A0-9F3D-457C-B088-3A5042F75D52}") = "OneLayerMLP", "OneLayerMLP\OneLayerMLP.pyproj", "{B8A9DA1A-61C0-46DA-B3DF-4B7E18EAEA69}"
EndProject
Project("{888888A0-9F3D-457C-B088-3A5042F75D52}") = "TwoLayerMLP", "TwoLayerMLP\TwoLayerMLP.pyproj", "{BCD7230D-8692-429D-B468-8D75632427A3}"
EndProject
Project("{888888A0-9F3D-457C-B088-3A5042F75D52}") = "CostFunction", "CostFunction\CostFunction.pyproj", "{B903B338-AF6E-42BB-86D3-AF12C058F0B8}"
EndProject
Project("{888888A0-9F3D-457C-B088-3A5042F75D52}") = "LogicGate", "LogicGate\LogicGate.pyproj", "{3E352160-720D-4D68-A4EA-D847AD9B2AF1}"
EndProject
Global
	GlobalSection(SolutionConfigurationPlatforms) = preSolution
		Debug|Any CPU = Debug|Any CPU
		Release|Any CPU = Release|Any CPU
	EndGlobalSection
	GlobalSection(ProjectConfigurationPlatforms) = postSolution
		{B8A9DA1A-61C0-46DA-B3DF-4B7E18EAEA69}.Debug|Any CPU.ActiveCfg = Debug|Any CPU
		{B8A9DA1A-61C0-46DA-B3DF-4B7E18EAEA69}.Release|Any CPU.ActiveCfg = Release|Any CPU
		{BCD7230D-8692-429D-B468-8D75632427A3}.Debug|Any CPU.ActiveCfg = Debug|Any CPU
		{BCD7230D-8692-429D-B468-8D75632427A3}.Release|Any CPU.ActiveCfg = Release|Any CPU
		{B903B338-AF6E-42BB-86D3-AF12C058F0B8}.Debug|Any CPU.ActiveCfg = Debug|Any CPU
		{B903B338-AF6E-42BB-86D3-AF12C058F0B8}.Release|Any CPU.ActiveCfg = Release|Any CPU
		{3E352160-720D-4D68-A4EA-D847AD9B2AF1}.Debug|Any CPU.ActiveCfg = Debug|Any CPU
		{3E352160-720D-4D68-A4EA-D847AD9B2AF1}.Release|Any CPU.ActiveCfg = Release|Any CPU
	EndGlobalSection
	GlobalSection(SolutionProperties) = preSolution
		HideSolutionNode = FALSE
	EndGlobalSection
	GlobalSection(ExtensibilityGlobals) = postSolution
		SolutionGuid = {2831559F-C61B-41D5-9819-9D986CE72D18}
	EndGlobalSection
EndGlobal
