
Microsoft Visual Studio Solution File, Format Version 12.00
# Visual Studio 15
VisualStudioVersion = 15.0.28307.168
MinimumVisualStudioVersion = 10.0.40219.1
Project("{888888A0-9F3D-457C-B088-3A5042F75D52}") = "ch04", "ch04.pyproj", "{861435CF-1591-4754-8A11-90AC6BD773E6}"
EndProject
Global
	GlobalSection(SolutionConfigurationPlatforms) = preSolution
		Debug|Any CPU = Debug|Any CPU
		Release|Any CPU = Release|Any CPU
	EndGlobalSection
	GlobalSection(ProjectConfigurationPlatforms) = postSolution
		{861435CF-1591-4754-8A11-90AC6BD773E6}.Debug|Any CPU.ActiveCfg = Debug|Any CPU
		{861435CF-1591-4754-8A11-90AC6BD773E6}.Release|Any CPU.ActiveCfg = Release|Any CPU
	EndGlobalSection
	GlobalSection(SolutionProperties) = preSolution
		HideSolutionNode = FALSE
	EndGlobalSection
	GlobalSection(ExtensibilityGlobals) = postSolution
		SolutionGuid = {DAE6D6B8-3E2B-4FC9-8956-30B96BA92C6B}
	EndGlobalSection
EndGlobal
