
Microsoft Visual Studio Solution File, Format Version 12.00
# Visual Studio 15
VisualStudioVersion = 15.0.28307.168
MinimumVisualStudioVersion = 10.0.40219.1
Project("{888888A0-9F3D-457C-B088-3A5042F75D52}") = "ch07", "ch07.pyproj", "{B8096BA8-8472-485F-9AF5-FC1C2692D75B}"
EndProject
Global
	GlobalSection(SolutionConfigurationPlatforms) = preSolution
		Debug|Any CPU = Debug|Any CPU
		Release|Any CPU = Release|Any CPU
	EndGlobalSection
	GlobalSection(ProjectConfigurationPlatforms) = postSolution
		{B8096BA8-8472-485F-9AF5-FC1C2692D75B}.Debug|Any CPU.ActiveCfg = Debug|Any CPU
		{B8096BA8-8472-485F-9AF5-FC1C2692D75B}.Release|Any CPU.ActiveCfg = Release|Any CPU
	EndGlobalSection
	GlobalSection(SolutionProperties) = preSolution
		HideSolutionNode = FALSE
	EndGlobalSection
	GlobalSection(ExtensibilityGlobals) = postSolution
		SolutionGuid = {0E632A37-BAD7-4FAC-8B46-3F8686F1FC10}
	EndGlobalSection
EndGlobal
