
Microsoft Visual Studio Solution File, Format Version 12.00
# Visual Studio 15
VisualStudioVersion = 15.0.27703.2047
MinimumVisualStudioVersion = 10.0.40219.1
Project("{888888A0-9F3D-457C-B088-3A5042F75D52}") = "ch05", "ch05.pyproj", "{5F7FE492-B5F7-44BE-8A73-23ECF7163A93}"
EndProject
Global
	GlobalSection(SolutionConfigurationPlatforms) = preSolution
		Debug|Any CPU = Debug|Any CPU
		Release|Any CPU = Release|Any CPU
	EndGlobalSection
	GlobalSection(ProjectConfigurationPlatforms) = postSolution
		{5F7FE492-B5F7-44BE-8A73-23ECF7163A93}.Debug|Any CPU.ActiveCfg = Debug|Any CPU
		{5F7FE492-B5F7-44BE-8A73-23ECF7163A93}.Release|Any CPU.ActiveCfg = Release|Any CPU
	EndGlobalSection
	GlobalSection(SolutionProperties) = preSolution
		HideSolutionNode = FALSE
	EndGlobalSection
	GlobalSection(ExtensibilityGlobals) = postSolution
		SolutionGuid = {BEF8BA56-9514-44CC-BACB-FCE3325003AD}
	EndGlobalSection
EndGlobal
