
Microsoft Visual Studio Solution File, Format Version 12.00
# Visual Studio 15
VisualStudioVersion = 15.0.27703.2018
MinimumVisualStudioVersion = 10.0.40219.1
Project("{FAE04EC0-301F-11D3-BF4B-00C04F79EFBC}") = "VideoLabels", "VideoLabels\VideoLabels.csproj", "{68F09DF6-A3A7-459E-9C1B-0EB20272F03C}"
EndProject
Global
	GlobalSection(SolutionConfigurationPlatforms) = preSolution
		Debug|Any CPU = Debug|Any CPU
		Release|Any CPU = Release|Any CPU
	EndGlobalSection
	GlobalSection(ProjectConfigurationPlatforms) = postSolution
		{68F09DF6-A3A7-459E-9C1B-0EB20272F03C}.Debug|Any CPU.ActiveCfg = Debug|Any CPU
		{68F09DF6-A3A7-459E-9C1B-0EB20272F03C}.Debug|Any CPU.Build.0 = Debug|Any CPU
		{68F09DF6-A3A7-459E-9C1B-0EB20272F03C}.Release|Any CPU.ActiveCfg = Release|Any CPU
		{68F09DF6-A3A7-459E-9C1B-0EB20272F03C}.Release|Any CPU.Build.0 = Release|Any CPU
	EndGlobalSection
	GlobalSection(SolutionProperties) = preSolution
		HideSolutionNode = FALSE
	EndGlobalSection
	GlobalSection(ExtensibilityGlobals) = postSolution
		SolutionGuid = {9E7E2F86-6F8F-4A74-A77B-3656BA15AE19}
	EndGlobalSection
EndGlobal
