
Microsoft Visual Studio Solution File, Format Version 12.00
# Visual Studio 15
VisualStudioVersion = 15.0.27703.2042
MinimumVisualStudioVersion = 10.0.40219.1
Project("{FAE04EC0-301F-11D3-BF4B-00C04F79EFBC}") = "GoldedNumberClient", "GoldedNumberClient\GoldedNumberClient.csproj", "{BD1E5379-33C5-4B1D-9555-EA53966630EB}"
EndProject
Global
	GlobalSection(SolutionConfigurationPlatforms) = preSolution
		Debug|Any CPU = Debug|Any CPU
		Release|Any CPU = Release|Any CPU
	EndGlobalSection
	GlobalSection(ProjectConfigurationPlatforms) = postSolution
		{BD1E5379-33C5-4B1D-9555-EA53966630EB}.Debug|Any CPU.ActiveCfg = Debug|Any CPU
		{BD1E5379-33C5-4B1D-9555-EA53966630EB}.Debug|Any CPU.Build.0 = Debug|Any CPU
		{BD1E5379-33C5-4B1D-9555-EA53966630EB}.Release|Any CPU.ActiveCfg = Release|Any CPU
		{BD1E5379-33C5-4B1D-9555-EA53966630EB}.Release|Any CPU.Build.0 = Release|Any CPU
	EndGlobalSection
	GlobalSection(SolutionProperties) = preSolution
		HideSolutionNode = FALSE
	EndGlobalSection
	GlobalSection(ExtensibilityGlobals) = postSolution
		SolutionGuid = {F527A850-FBCA-4D00-B1E4-1935F3CB884E}
	EndGlobalSection
EndGlobal
